
Microsoft Visual Studio Solution File, Format Version 12.00
# Visual Studio Version 16
VisualStudioVersion = 16.0.31624.102
MinimumVisualStudioVersion = 10.0.40219.1
Project("{FAE04EC0-301F-11D3-BF4B-00C04F79EFBC}") = "MATRICES", "MATRICES\MATRICES.csproj", "{F1AA87F2-17F7-4458-B549-6D56CAC8DCED}"
EndProject
Global
	GlobalSection(SolutionConfigurationPlatforms) = preSolution
		Debug|Any CPU = Debug|Any CPU
		Release|Any CPU = Release|Any CPU
	EndGlobalSection
	GlobalSection(ProjectConfigurationPlatforms) = postSolution
		{F1AA87F2-17F7-4458-B549-6D56CAC8DCED}.Debug|Any CPU.ActiveCfg = Debug|Any CPU
		{F1AA87F2-17F7-4458-B549-6D56CAC8DCED}.Debug|Any CPU.Build.0 = Debug|Any CPU
		{F1AA87F2-17F7-4458-B549-6D56CAC8DCED}.Release|Any CPU.ActiveCfg = Release|Any CPU
		{F1AA87F2-17F7-4458-B549-6D56CAC8DCED}.Release|Any CPU.Build.0 = Release|Any CPU
	EndGlobalSection
	GlobalSection(SolutionProperties) = preSolution
		HideSolutionNode = FALSE
	EndGlobalSection
	GlobalSection(ExtensibilityGlobals) = postSolution
		SolutionGuid = {5E5104B0-1B9C-46CE-91C8-E0EC8249A753}
	EndGlobalSection
EndGlobal
